
Microsoft Visual Studio Solution File, Format Version 12.00
# Visual Studio Version 17
VisualStudioVersion = 17.3.32929.385
MinimumVisualStudioVersion = 10.0.40219.1
Project("{FAE04EC0-301F-11D3-BF4B-00C04F79EFBC}") = "SweetOrSalty", "SweetOrSalty\SweetOrSalty.csproj", "{213E70EB-E255-466C-B1D6-C5DF47929631}"
EndProject
Global
	GlobalSection(SolutionConfigurationPlatforms) = preSolution
		Debug|Any CPU = Debug|Any CPU
		Release|Any CPU = Release|Any CPU
	EndGlobalSection
	GlobalSection(ProjectConfigurationPlatforms) = postSolution
		{213E70EB-E255-466C-B1D6-C5DF47929631}.Debug|Any CPU.ActiveCfg = Debug|Any CPU
		{213E70EB-E255-466C-B1D6-C5DF47929631}.Debug|Any CPU.Build.0 = Debug|Any CPU
		{213E70EB-E255-466C-B1D6-C5DF47929631}.Release|Any CPU.ActiveCfg = Release|Any CPU
		{213E70EB-E255-466C-B1D6-C5DF47929631}.Release|Any CPU.Build.0 = Release|Any CPU
	EndGlobalSection
	GlobalSection(SolutionProperties) = preSolution
		HideSolutionNode = FALSE
	EndGlobalSection
	GlobalSection(ExtensibilityGlobals) = postSolution
		SolutionGuid = {ED941BE1-A12B-424F-90E3-C73C4EE226B5}
	EndGlobalSection
EndGlobal
